
Microsoft Visual Studio Solution File, Format Version 12.00
# Visual Studio Version 17
VisualStudioVersion = 17.2.32630.192
MinimumVisualStudioVersion = 10.0.40219.1
Project("{FAE04EC0-301F-11D3-BF4B-00C04F79EFBC}") = "Gasolinera", "Gasolinera\Gasolinera.csproj", "{13210DC1-2865-4A53-A653-147FC4C7C396}"
EndProject
Global
	GlobalSection(SolutionConfigurationPlatforms) = preSolution
		Debug|Any CPU = Debug|Any CPU
		Release|Any CPU = Release|Any CPU
	EndGlobalSection
	GlobalSection(ProjectConfigurationPlatforms) = postSolution
		{13210DC1-2865-4A53-A653-147FC4C7C396}.Debug|Any CPU.ActiveCfg = Debug|Any CPU
		{13210DC1-2865-4A53-A653-147FC4C7C396}.Debug|Any CPU.Build.0 = Debug|Any CPU
		{13210DC1-2865-4A53-A653-147FC4C7C396}.Release|Any CPU.ActiveCfg = Release|Any CPU
		{13210DC1-2865-4A53-A653-147FC4C7C396}.Release|Any CPU.Build.0 = Release|Any CPU
	EndGlobalSection
	GlobalSection(SolutionProperties) = preSolution
		HideSolutionNode = FALSE
	EndGlobalSection
	GlobalSection(ExtensibilityGlobals) = postSolution
		SolutionGuid = {4D1AA0E5-AF01-4666-8B2C-994F8D5FDCBF}
	EndGlobalSection
EndGlobal
